
Microsoft Visual Studio Solution File, Format Version 12.00
# Visual Studio 15
VisualStudioVersion = 15.0.26228.9
MinimumVisualStudioVersion = 10.0.40219.1
Project("{FAE04EC0-301F-11D3-BF4B-00C04F79EFBC}") = "AutomationProjectQA", "AutomationProjectQA\AutomationProjectQA.csproj", "{3B3F774F-CA61-42A3-A9DF-57F8F167E0D5}"
EndProject
Project("{FAE04EC0-301F-11D3-BF4B-00C04F79EFBC}") = "TestsProject", "TestsProject\TestsProject.csproj", "{A57D9B27-604E-46C2-8097-F7FEA6E18EDD}"
EndProject
Global
	GlobalSection(SolutionConfigurationPlatforms) = preSolution
		Debug|Any CPU = Debug|Any CPU
		Release|Any CPU = Release|Any CPU
	EndGlobalSection
	GlobalSection(ProjectConfigurationPlatforms) = postSolution
		{3B3F774F-CA61-42A3-A9DF-57F8F167E0D5}.Debug|Any CPU.ActiveCfg = Debug|Any CPU
		{3B3F774F-CA61-42A3-A9DF-57F8F167E0D5}.Debug|Any CPU.Build.0 = Debug|Any CPU
		{3B3F774F-CA61-42A3-A9DF-57F8F167E0D5}.Release|Any CPU.ActiveCfg = Release|Any CPU
		{3B3F774F-CA61-42A3-A9DF-57F8F167E0D5}.Release|Any CPU.Build.0 = Release|Any CPU
		{A57D9B27-604E-46C2-8097-F7FEA6E18EDD}.Debug|Any CPU.ActiveCfg = Debug|Any CPU
		{A57D9B27-604E-46C2-8097-F7FEA6E18EDD}.Debug|Any CPU.Build.0 = Debug|Any CPU
		{A57D9B27-604E-46C2-8097-F7FEA6E18EDD}.Release|Any CPU.ActiveCfg = Release|Any CPU
		{A57D9B27-604E-46C2-8097-F7FEA6E18EDD}.Release|Any CPU.Build.0 = Release|Any CPU
	EndGlobalSection
	GlobalSection(SolutionProperties) = preSolution
		HideSolutionNode = FALSE
	EndGlobalSection
EndGlobal
